// !$*UTF8*$!
{
	archiveVersion = 1;
	classes = {
	};
	objectVersion = 56;
	objects = {

/* Begin PBXBuildFile section */
		171C6B7D29F7137D00D15937 /* MainTabView.swift in Sources */ = {isa = PBXBuildFile; fileRef = 171C6B7C29F7137D00D15937 /* MainTabView.swift */; };
		17FD425D29F70E8E00DAD3A1 /* SimpleNavApp.swift in Sources */ = {isa = PBXBuildFile; fileRef = 17FD425C29F70E8E00DAD3A1 /* SimpleNavApp.swift */; };
		17FD426129F70E8F00DAD3A1 /* Assets.xcassets in Resources */ = {isa = PBXBuildFile; fileRef = 17FD426029F70E8F00DAD3A1 /* Assets.xcassets */; };
		17FD426429F70E8F00DAD3A1 /* Preview Assets.xcassets in Resources */ = {isa = PBXBuildFile; fileRef = 17FD426329F70E8F00DAD3A1 /* Preview Assets.xcassets */; };
		17FD426B29F70ED000DAD3A1 /* AppState.swift in Sources */ = {isa = PBXBuildFile; fileRef = 17FD426A29F70ED000DAD3A1 /* AppState.swift */; };
		17FD426D29F70F6000DAD3A1 /* SettingsView.swift in Sources */ = {isa = PBXBuildFile; fileRef = 17FD426C29F70F6000DAD3A1 /* SettingsView.swift */; };
		17FD426F29F70FA100DAD3A1 /* SecondView.swift in Sources */ = {isa = PBXBuildFile; fileRef = 17FD426E29F70FA100DAD3A1 /* SecondView.swift */; };
		17FD427129F7102600DAD3A1 /* ThirdView.swift in Sources */ = {isa = PBXBuildFile; fileRef = 17FD427029F7102600DAD3A1 /* ThirdView.swift */; };
		17FD427329F7105600DAD3A1 /* FourthView.swift in Sources */ = {isa = PBXBuildFile; fileRef = 17FD427229F7105600DAD3A1 /* FourthView.swift */; };
		17FD427529F7108900DAD3A1 /* HomeView.swift in Sources */ = {isa = PBXBuildFile; fileRef = 17FD427429F7108900DAD3A1 /* HomeView.swift */; };
		17FD427729F7118D00DAD3A1 /* View+Extension.swift in Sources */ = {isa = PBXBuildFile; fileRef = 17FD427629F7118D00DAD3A1 /* View+Extension.swift */; };
		17FD427929F712D200DAD3A1 /* Color+Extension.swift in Sources */ = {isa = PBXBuildFile; fileRef = 17FD427829F712D200DAD3A1 /* Color+Extension.swift */; };
/* End PBXBuildFile section */

/* Begin PBXFileReference section */
		171C6B7C29F7137D00D15937 /* MainTabView.swift */ = {isa = PBXFileReference; lastKnownFileType = sourcecode.swift; path = MainTabView.swift; sourceTree = "<group>"; };
		17FD425929F70E8E00DAD3A1 /* SimpleNav.app */ = {isa = PBXFileReference; explicitFileType = wrapper.application; includeInIndex = 0; path = SimpleNav.app; sourceTree = BUILT_PRODUCTS_DIR; };
		17FD425C29F70E8E00DAD3A1 /* SimpleNavApp.swift */ = {isa = PBXFileReference; lastKnownFileType = sourcecode.swift; path = SimpleNavApp.swift; sourceTree = "<group>"; };
		17FD426029F70E8F00DAD3A1 /* Assets.xcassets */ = {isa = PBXFileReference; lastKnownFileType = folder.assetcatalog; path = Assets.xcassets; sourceTree = "<group>"; };
		17FD426329F70E8F00DAD3A1 /* Preview Assets.xcassets */ = {isa = PBXFileReference; lastKnownFileType = folder.assetcatalog; path = "Preview Assets.xcassets"; sourceTree = "<group>"; };
		17FD426A29F70ED000DAD3A1 /* AppState.swift */ = {isa = PBXFileReference; lastKnownFileType = sourcecode.swift; path = AppState.swift; sourceTree = "<group>"; };
		17FD426C29F70F6000DAD3A1 /* SettingsView.swift */ = {isa = PBXFileReference; lastKnownFileType = sourcecode.swift; path = SettingsView.swift; sourceTree = "<group>"; };
		17FD426E29F70FA100DAD3A1 /* SecondView.swift */ = {isa = PBXFileReference; lastKnownFileType = sourcecode.swift; path = SecondView.swift; sourceTree = "<group>"; };
		17FD427029F7102600DAD3A1 /* ThirdView.swift */ = {isa = PBXFileReference; lastKnownFileType = sourcecode.swift; path = ThirdView.swift; sourceTree = "<group>"; };
		17FD427229F7105600DAD3A1 /* FourthView.swift */ = {isa = PBXFileReference; lastKnownFileType = sourcecode.swift; path = FourthView.swift; sourceTree = "<group>"; };
		17FD427429F7108900DAD3A1 /* HomeView.swift */ = {isa = PBXFileReference; lastKnownFileType = sourcecode.swift; path = HomeView.swift; sourceTree = "<group>"; };
		17FD427629F7118D00DAD3A1 /* View+Extension.swift */ = {isa = PBXFileReference; lastKnownFileType = sourcecode.swift; path = "View+Extension.swift"; sourceTree = "<group>"; };
		17FD427829F712D200DAD3A1 /* Color+Extension.swift */ = {isa = PBXFileReference; lastKnownFileType = sourcecode.swift; path = "Color+Extension.swift"; sourceTree = "<group>"; };
/* End PBXFileReference section */

/* Begin PBXFrameworksBuildPhase section */
		17FD425629F70E8E00DAD3A1 /* Frameworks */ = {
			isa = PBXFrameworksBuildPhase;
			buildActionMask = 2147483647;
			files = (
			);
			runOnlyForDeploymentPostprocessing = 0;
		};
/* End PBXFrameworksBuildPhase section */

/* Begin PBXGroup section */
		171C6B7E29F713DF00D15937 /* Modules */ = {
			isa = PBXGroup;
			children = (
				171C6B8029F7197600D15937 /* Main */,
				171C6B8129F7198000D15937 /* Home */,
				171C6B8229F7198700D15937 /* Second */,
				171C6B8329F7199000D15937 /* Third */,
				171C6B8429F7199900D15937 /* Fourth */,
				171C6B8529F719A000D15937 /* Settings */,
			);
			path = Modules;
			sourceTree = "<group>";
		};
		171C6B7F29F7191200D15937 /* Global State */ = {
			isa = PBXGroup;
			children = (
				17FD426A29F70ED000DAD3A1 /* AppState.swift */,
			);
			path = "Global State";
			sourceTree = "<group>";
		};
		171C6B8029F7197600D15937 /* Main */ = {
			isa = PBXGroup;
			children = (
				171C6B7C29F7137D00D15937 /* MainTabView.swift */,
			);
			path = Main;
			sourceTree = "<group>";
		};
		171C6B8129F7198000D15937 /* Home */ = {
			isa = PBXGroup;
			children = (
				17FD427429F7108900DAD3A1 /* HomeView.swift */,
			);
			path = Home;
			sourceTree = "<group>";
		};
		171C6B8229F7198700D15937 /* Second */ = {
			isa = PBXGroup;
			children = (
				17FD426E29F70FA100DAD3A1 /* SecondView.swift */,
			);
			path = Second;
			sourceTree = "<group>";
		};
		171C6B8329F7199000D15937 /* Third */ = {
			isa = PBXGroup;
			children = (
				17FD427029F7102600DAD3A1 /* ThirdView.swift */,
			);
			path = Third;
			sourceTree = "<group>";
		};
		171C6B8429F7199900D15937 /* Fourth */ = {
			isa = PBXGroup;
			children = (
				17FD427229F7105600DAD3A1 /* FourthView.swift */,
			);
			path = Fourth;
			sourceTree = "<group>";
		};
		171C6B8529F719A000D15937 /* Settings */ = {
			isa = PBXGroup;
			children = (
				17FD426C29F70F6000DAD3A1 /* SettingsView.swift */,
			);
			path = Settings;
			sourceTree = "<group>";
		};
		17FD425029F70E8E00DAD3A1 = {
			isa = PBXGroup;
			children = (
				17FD425B29F70E8E00DAD3A1 /* SimpleNav */,
				17FD425A29F70E8E00DAD3A1 /* Products */,
			);
			sourceTree = "<group>";
		};
		17FD425A29F70E8E00DAD3A1 /* Products */ = {
			isa = PBXGroup;
			children = (
				17FD425929F70E8E00DAD3A1 /* SimpleNav.app */,
			);
			name = Products;
			sourceTree = "<group>";
		};
		17FD425B29F70E8E00DAD3A1 /* SimpleNav */ = {
			isa = PBXGroup;
			children = (
				17FD425C29F70E8E00DAD3A1 /* SimpleNavApp.swift */,
				171C6B7F29F7191200D15937 /* Global State */,
				171C6B7E29F713DF00D15937 /* Modules */,
				17FD427A29F712E200DAD3A1 /* Extensions */,
				17FD426029F70E8F00DAD3A1 /* Assets.xcassets */,
				17FD426229F70E8F00DAD3A1 /* Preview Content */,
			);
			path = SimpleNav;
			sourceTree = "<group>";
		};
		17FD426229F70E8F00DAD3A1 /* Preview Content */ = {
			isa = PBXGroup;
			children = (
				17FD426329F70E8F00DAD3A1 /* Preview Assets.xcassets */,
			);
			path = "Preview Content";
			sourceTree = "<group>";
		};
		17FD427A29F712E200DAD3A1 /* Extensions */ = {
			isa = PBXGroup;
			children = (
				17FD427629F7118D00DAD3A1 /* View+Extension.swift */,
				17FD427829F712D200DAD3A1 /* Color+Extension.swift */,
			);
			path = Extensions;
			sourceTree = "<group>";
		};
/* End PBXGroup section */

/* Begin PBXNativeTarget section */
		17FD425829F70E8E00DAD3A1 /* SimpleNav */ = {
			isa = PBXNativeTarget;
			buildConfigurationList = 17FD426729F70E8F00DAD3A1 /* Build configuration list for PBXNativeTarget "SimpleNav" */;
			buildPhases = (
				17FD425529F70E8E00DAD3A1 /* Sources */,
				17FD425629F70E8E00DAD3A1 /* Frameworks */,
				17FD425729F70E8E00DAD3A1 /* Resources */,
			);
			buildRules = (
			);
			dependencies = (
			);
			name = SimpleNav;
			productName = SimpleNav;
			productReference = 17FD425929F70E8E00DAD3A1 /* SimpleNav.app */;
			productType = "com.apple.product-type.application";
		};
/* End PBXNativeTarget section */

/* Begin PBXProject section */
		17FD425129F70E8E00DAD3A1 /* Project object */ = {
			isa = PBXProject;
			attributes = {
				BuildIndependentTargetsInParallel = 1;
				LastSwiftUpdateCheck = 1430;
				LastUpgradeCheck = 1430;
				TargetAttributes = {
					17FD425829F70E8E00DAD3A1 = {
						CreatedOnToolsVersion = 14.3;
					};
				};
			};
			buildConfigurationList = 17FD425429F70E8E00DAD3A1 /* Build configuration list for PBXProject "SimpleNav" */;
			compatibilityVersion = "Xcode 14.0";
			developmentRegion = en;
			hasScannedForEncodings = 0;
			knownRegions = (
				en,
				Base,
			);
			mainGroup = 17FD425029F70E8E00DAD3A1;
			productRefGroup = 17FD425A29F70E8E00DAD3A1 /* Products */;
			projectDirPath = "";
			projectRoot = "";
			targets = (
				17FD425829F70E8E00DAD3A1 /* SimpleNav */,
			);
		};
/* End PBXProject section */

/* Begin PBXResourcesBuildPhase section */
		17FD425729F70E8E00DAD3A1 /* Resources */ = {
			isa = PBXResourcesBuildPhase;
			buildActionMask = 2147483647;
			files = (
				17FD426429F70E8F00DAD3A1 /* Preview Assets.xcassets in Resources */,
				17FD426129F70E8F00DAD3A1 /* Assets.xcassets in Resources */,
			);
			runOnlyForDeploymentPostprocessing = 0;
		};
/* End PBXResourcesBuildPhase section */

/* Begin PBXSourcesBuildPhase section */
		17FD425529F70E8E00DAD3A1 /* Sources */ = {
			isa = PBXSourcesBuildPhase;
			buildActionMask = 2147483647;
			files = (
				17FD426B29F70ED000DAD3A1 /* AppState.swift in Sources */,
				17FD427929F712D200DAD3A1 /* Color+Extension.swift in Sources */,
				17FD426F29F70FA100DAD3A1 /* SecondView.swift in Sources */,
				17FD426D29F70F6000DAD3A1 /* SettingsView.swift in Sources */,
				17FD427329F7105600DAD3A1 /* FourthView.swift in Sources */,
				17FD427529F7108900DAD3A1 /* HomeView.swift in Sources */,
				17FD427129F7102600DAD3A1 /* ThirdView.swift in Sources */,
				17FD427729F7118D00DAD3A1 /* View+Extension.swift in Sources */,
				17FD425D29F70E8E00DAD3A1 /* SimpleNavApp.swift in Sources */,
				171C6B7D29F7137D00D15937 /* MainTabView.swift in Sources */,
			);
			runOnlyForDeploymentPostprocessing = 0;
		};
/* End PBXSourcesBuildPhase section */

/* Begin XCBuildConfiguration section */
		17FD426529F70E8F00DAD3A1 /* Debug */ = {
			isa = XCBuildConfiguration;
			buildSettings = {
				ALWAYS_SEARCH_USER_PATHS = NO;
				CLANG_ANALYZER_NONNULL = YES;
				CLANG_ANALYZER_NUMBER_OBJECT_CONVERSION = YES_AGGRESSIVE;
				CLANG_CXX_LANGUAGE_STANDARD = "gnu++20";
				CLANG_ENABLE_MODULES = YES;
				CLANG_ENABLE_OBJC_ARC = YES;
				CLANG_ENABLE_OBJC_WEAK = YES;
				CLANG_WARN_BLOCK_CAPTURE_AUTORELEASING = YES;
				CLANG_WARN_BOOL_CONVERSION = YES;
				CLANG_WARN_COMMA = YES;
				CLANG_WARN_CONSTANT_CONVERSION = YES;
				CLANG_WARN_DEPRECATED_OBJC_IMPLEMENTATIONS = YES;
				CLANG_WARN_DIRECT_OBJC_ISA_USAGE = YES_ERROR;
				CLANG_WARN_DOCUMENTATION_COMMENTS = YES;
				CLANG_WARN_EMPTY_BODY = YES;
				CLANG_WARN_ENUM_CONVERSION = YES;
				CLANG_WARN_INFINITE_RECURSION = YES;
				CLANG_WARN_INT_CONVERSION = YES;
				CLANG_WARN_NON_LITERAL_NULL_CONVERSION = YES;
				CLANG_WARN_OBJC_IMPLICIT_RETAIN_SELF = YES;
				CLANG_WARN_OBJC_LITERAL_CONVERSION = YES;
				CLANG_WARN_OBJC_ROOT_CLASS = YES_ERROR;
				CLANG_WARN_QUOTED_INCLUDE_IN_FRAMEWORK_HEADER = YES;
				CLANG_WARN_RANGE_LOOP_ANALYSIS = YES;
				CLANG_WARN_STRICT_PROTOTYPES = YES;
				CLANG_WARN_SUSPICIOUS_MOVE = YES;
				CLANG_WARN_UNGUARDED_AVAILABILITY = YES_AGGRESSIVE;
				CLANG_WARN_UNREACHABLE_CODE = YES;
				CLANG_WARN__DUPLICATE_METHOD_MATCH = YES;
				COPY_PHASE_STRIP = NO;
				DEBUG_INFORMATION_FORMAT = dwarf;
				ENABLE_STRICT_OBJC_MSGSEND = YES;
				ENABLE_TESTABILITY = YES;
				GCC_C_LANGUAGE_STANDARD = gnu11;
				GCC_DYNAMIC_NO_PIC = NO;
				GCC_NO_COMMON_BLOCKS = YES;
				GCC_OPTIMIZATION_LEVEL = 0;
				GCC_PREPROCESSOR_DEFINITIONS = (
					"DEBUG=1",
					"$(inherited)",
				);
				GCC_WARN_64_TO_32_BIT_CONVERSION = YES;
				GCC_WARN_ABOUT_RETURN_TYPE = YES_ERROR;
				GCC_WARN_UNDECLARED_SELECTOR = YES;
				GCC_WARN_UNINITIALIZED_AUTOS = YES_AGGRESSIVE;
				GCC_WARN_UNUSED_FUNCTION = YES;
				GCC_WARN_UNUSED_VARIABLE = YES;
				IPHONEOS_DEPLOYMENT_TARGET = 16.4;
				MTL_ENABLE_DEBUG_INFO = INCLUDE_SOURCE;
				MTL_FAST_MATH = YES;
				ONLY_ACTIVE_ARCH = YES;
				SDKROOT = iphoneos;
				SWIFT_ACTIVE_COMPILATION_CONDITIONS = DEBUG;
				SWIFT_OPTIMIZATION_LEVEL = "-Onone";
			};
			name = Debug;
		};
		17FD426629F70E8F00DAD3A1 /* Release */ = {
			isa = XCBuildConfiguration;
			buildSettings = {
				ALWAYS_SEARCH_USER_PATHS = NO;
				CLANG_ANALYZER_NONNULL = YES;
				CLANG_ANALYZER_NUMBER_OBJECT_CONVERSION = YES_AGGRESSIVE;
				CLANG_CXX_LANGUAGE_STANDARD = "gnu++20";
				CLANG_ENABLE_MODULES = YES;
				CLANG_ENABLE_OBJC_ARC = YES;
				CLANG_ENABLE_OBJC_WEAK = YES;
				CLANG_WARN_BLOCK_CAPTURE_AUTORELEASING = YES;
				CLANG_WARN_BOOL_CONVERSION = YES;
				CLANG_WARN_COMMA = YES;
				CLANG_WARN_CONSTANT_CONVERSION = YES;
				CLANG_WARN_DEPRECATED_OBJC_IMPLEMENTATIONS = YES;
				CLANG_WARN_DIRECT_OBJC_ISA_USAGE = YES_ERROR;
				CLANG_WARN_DOCUMENTATION_COMMENTS = YES;
				CLANG_WARN_EMPTY_BODY = YES;
				CLANG_WARN_ENUM_CONVERSION = YES;
				CLANG_WARN_INFINITE_RECURSION = YES;
				CLANG_WARN_INT_CONVERSION = YES;
				CLANG_WARN_NON_LITERAL_NULL_CONVERSION = YES;
				CLANG_WARN_OBJC_IMPLICIT_RETAIN_SELF = YES;
				CLANG_WARN_OBJC_LITERAL_CONVERSION = YES;
				CLANG_WARN_OBJC_ROOT_CLASS = YES_ERROR;
				CLANG_WARN_QUOTED_INCLUDE_IN_FRAMEWORK_HEADER = YES;
				CLANG_WARN_RANGE_LOOP_ANALYSIS = YES;
				CLANG_WARN_STRICT_PROTOTYPES = YES;
				CLANG_WARN_SUSPICIOUS_MOVE = YES;
				CLANG_WARN_UNGUARDED_AVAILABILITY = YES_AGGRESSIVE;
				CLANG_WARN_UNREACHABLE_CODE = YES;
				CLANG_WARN__DUPLICATE_METHOD_MATCH = YES;
				COPY_PHASE_STRIP = NO;
				DEBUG_INFORMATION_FORMAT = "dwarf-with-dsym";
				ENABLE_NS_ASSERTIONS = NO;
				ENABLE_STRICT_OBJC_MSGSEND = YES;
				GCC_C_LANGUAGE_STANDARD = gnu11;
				GCC_NO_COMMON_BLOCKS = YES;
				GCC_WARN_64_TO_32_BIT_CONVERSION = YES;
				GCC_WARN_ABOUT_RETURN_TYPE = YES_ERROR;
				GCC_WARN_UNDECLARED_SELECTOR = YES;
				GCC_WARN_UNINITIALIZED_AUTOS = YES_AGGRESSIVE;
				GCC_WARN_UNUSED_FUNCTION = YES;
				GCC_WARN_UNUSED_VARIABLE = YES;
				IPHONEOS_DEPLOYMENT_TARGET = 16.4;
				MTL_ENABLE_DEBUG_INFO = NO;
				MTL_FAST_MATH = YES;
				SDKROOT = iphoneos;
				SWIFT_COMPILATION_MODE = wholemodule;
				SWIFT_OPTIMIZATION_LEVEL = "-O";
				VALIDATE_PRODUCT = YES;
			};
			name = Release;
		};
		17FD426829F70E8F00DAD3A1 /* Debug */ = {
			isa = XCBuildConfiguration;
			buildSettings = {
				ASSETCATALOG_COMPILER_APPICON_NAME = AppIcon;
				ASSETCATALOG_COMPILER_GLOBAL_ACCENT_COLOR_NAME = AccentColor;
				CODE_SIGN_STYLE = Automatic;
				CURRENT_PROJECT_VERSION = 1;
				DEVELOPMENT_ASSET_PATHS = "\"SimpleNav/Preview Content\"";
				DEVELOPMENT_TEAM = D4Z52CBL7L;
				ENABLE_PREVIEWS = YES;
				GENERATE_INFOPLIST_FILE = YES;
				INFOPLIST_KEY_UIApplicationSceneManifest_Generation = YES;
				INFOPLIST_KEY_UIApplicationSupportsIndirectInputEvents = YES;
				INFOPLIST_KEY_UILaunchScreen_Generation = YES;
				INFOPLIST_KEY_UISupportedInterfaceOrientations_iPad = "UIInterfaceOrientationPortrait UIInterfaceOrientationPortraitUpsideDown UIInterfaceOrientationLandscapeLeft UIInterfaceOrientationLandscapeRight";
				INFOPLIST_KEY_UISupportedInterfaceOrientations_iPhone = "UIInterfaceOrientationPortrait UIInterfaceOrientationLandscapeLeft UIInterfaceOrientationLandscapeRight";
				IPHONEOS_DEPLOYMENT_TARGET = 16.0;
				LD_RUNPATH_SEARCH_PATHS = (
					"$(inherited)",
					"@executable_path/Frameworks",
				);
				MARKETING_VERSION = 1.0;
				PRODUCT_BUNDLE_IDENTIFIER = com.oogamedia.com.SimpleNav;
				PRODUCT_NAME = "$(TARGET_NAME)";
				SWIFT_EMIT_LOC_STRINGS = YES;
				SWIFT_VERSION = 5.0;
				TARGETED_DEVICE_FAMILY = "1,2";
			};
			name = Debug;
		};
		17FD426929F70E8F00DAD3A1 /* Release */ = {
			isa = XCBuildConfiguration;
			buildSettings = {
				ASSETCATALOG_COMPILER_APPICON_NAME = AppIcon;
				ASSETCATALOG_COMPILER_GLOBAL_ACCENT_COLOR_NAME = AccentColor;
				CODE_SIGN_STYLE = Automatic;
				CURRENT_PROJECT_VERSION = 1;
				DEVELOPMENT_ASSET_PATHS = "\"SimpleNav/Preview Content\"";
				DEVELOPMENT_TEAM = D4Z52CBL7L;
				ENABLE_PREVIEWS = YES;
				GENERATE_INFOPLIST_FILE = YES;
				INFOPLIST_KEY_UIApplicationSceneManifest_Generation = YES;
				INFOPLIST_KEY_UIApplicationSupportsIndirectInputEvents = YES;
				INFOPLIST_KEY_UILaunchScreen_Generation = YES;
				INFOPLIST_KEY_UISupportedInterfaceOrientations_iPad = "UIInterfaceOrientationPortrait UIInterfaceOrientationPortraitUpsideDown UIInterfaceOrientationLandscapeLeft UIInterfaceOrientationLandscapeRight";
				INFOPLIST_KEY_UISupportedInterfaceOrientations_iPhone = "UIInterfaceOrientationPortrait UIInterfaceOrientationLandscapeLeft UIInterfaceOrientationLandscapeRight";
				IPHONEOS_DEPLOYMENT_TARGET = 16.0;
				LD_RUNPATH_SEARCH_PATHS = (
					"$(inherited)",
					"@executable_path/Frameworks",
				);
				MARKETING_VERSION = 1.0;
				PRODUCT_BUNDLE_IDENTIFIER = com.oogamedia.com.SimpleNav;
				PRODUCT_NAME = "$(TARGET_NAME)";
				SWIFT_EMIT_LOC_STRINGS = YES;
				SWIFT_VERSION = 5.0;
				TARGETED_DEVICE_FAMILY = "1,2";
			};
			name = Release;
		};
/* End XCBuildConfiguration section */

/* Begin XCConfigurationList section */
		17FD425429F70E8E00DAD3A1 /* Build configuration list for PBXProject "SimpleNav" */ = {
			isa = XCConfigurationList;
			buildConfigurations = (
				17FD426529F70E8F00DAD3A1 /* Debug */,
				17FD426629F70E8F00DAD3A1 /* Release */,
			);
			defaultConfigurationIsVisible = 0;
			defaultConfigurationName = Release;
		};
		17FD426729F70E8F00DAD3A1 /* Build configuration list for PBXNativeTarget "SimpleNav" */ = {
			isa = XCConfigurationList;
			buildConfigurations = (
				17FD426829F70E8F00DAD3A1 /* Debug */,
				17FD426929F70E8F00DAD3A1 /* Release */,
			);
			defaultConfigurationIsVisible = 0;
			defaultConfigurationName = Release;
		};
/* End XCConfigurationList section */
	};
	rootObject = 17FD425129F70E8E00DAD3A1 /* Project object */;
}
